<?xml version="1.0" encoding="utf-8"?>
<Project ToolsVersion="4.0" xmlns="http://schemas.microsoft.com/developer/msbuild/2003">
  <ItemGroup>
    <Filter Include="Source Files">
      <UniqueIdentifier>{4FC737F1-C7A5-4376-A066-2A32D752A2FF}</UniqueIdentifier>
      <Extensions>cpp;c;cc;cxx;c++;cppm;ixx;def;odl;idl;hpj;bat;asm;asmx</Extensions>
    </Filter>
    <Filter Include="Header Files">
      <UniqueIdentifier>{93995380-89BD-4b04-88EB-625FBE52EBFB}</UniqueIdentifier>
      <Extensions>h;hh;hpp;hxx;h++;hm;inl;inc;ipp;xsd</Extensions>
    </Filter>
    <Filter Include="Resource Files">
      <UniqueIdentifier>{67DA6AB6-F800-4c08-8B7A-83BB121AAD01}</UniqueIdentifier>
      <Extensions>rc;ico;cur;bmp;dlg;rc2;rct;bin;rgs;gif;jpg;jpeg;jpe;resx;tiff;tif;png;wav;mfcribbon-ms</Extensions>
    </Filter>
    <Filter Include="Source Files\dxlib_spine_cpp">
      <UniqueIdentifier>{0e8bcad0-1615-4c2c-b611-27dab956a9d2}</UniqueIdentifier>
    </Filter>
    <Filter Include="Header Files\dxlib_spine_cpp">
      <UniqueIdentifier>{e01cd70f-882f-45ff-80f4-18e539745638}</UniqueIdentifier>
    </Filter>
  </ItemGroup>
  <ItemGroup>
    <ClCompile Include="..\src\dxlib_spine_cpp\dxlib_spine.cpp">
      <Filter>Source Files\dxlib_spine_cpp</Filter>
    </ClCompile>
    <ClCompile Include="..\src\dxlib_spine_cpp\dxlib_spine_player.cpp">
      <Filter>Source Files\dxlib_spine_cpp</Filter>
    </ClCompile>
    <ClCompile Include="..\src\dxlib_spine_cpp\spine_loader.cpp">
      <Filter>Source Files\dxlib_spine_cpp</Filter>
    </ClCompile>
    <ClCompile Include="..\src\dxlib_spine_cpp\spine_player.cpp">
      <Filter>Source Files\dxlib_spine_cpp</Filter>
    </ClCompile>
    <ClCompile Include="..\src\dxlib_clock.cpp">
      <Filter>Source Files</Filter>
    </ClCompile>
    <ClCompile Include="..\src\dxlib_init.cpp">
      <Filter>Source Files</Filter>
    </ClCompile>
    <ClCompile Include="..\src\dxlib_text_writer.cpp">
      <Filter>Source Files</Filter>
    </ClCompile>
    <ClCompile Include="..\src\fkg.cpp">
      <Filter>Source Files</Filter>
    </ClCompile>
    <ClCompile Include="..\src\fkg_scene_player.cpp">
      <Filter>Source Files</Filter>
    </ClCompile>
    <ClCompile Include="..\src\main.cpp">
      <Filter>Source Files</Filter>
    </ClCompile>
    <ClCompile Include="..\src\main_window.cpp">
      <Filter>Source Files</Filter>
    </ClCompile>
    <ClCompile Include="..\src\media_setting_dialogue.cpp">
      <Filter>Source Files</Filter>
    </ClCompile>
    <ClCompile Include="..\src\mf_media_player.cpp">
      <Filter>Source Files</Filter>
    </ClCompile>
    <ClCompile Include="..\src\win_dialogue.cpp">
      <Filter>Source Files</Filter>
    </ClCompile>
    <ClCompile Include="..\src\win_filesystem.cpp">
      <Filter>Source Files</Filter>
    </ClCompile>
    <ClCompile Include="..\src\win_text.cpp">
      <Filter>Source Files</Filter>
    </ClCompile>
    <ClCompile Include="..\src\win_support.cpp">
      <Filter>Source Files</Filter>
    </ClCompile>
  </ItemGroup>
  <ItemGroup>
    <ClInclude Include="..\src\dxlib_spine_cpp\dxlib_spine.h">
      <Filter>Header Files\dxlib_spine_cpp</Filter>
    </ClInclude>
    <ClInclude Include="..\src\dxlib_spine_cpp\dxlib_spine_player.h">
      <Filter>Header Files\dxlib_spine_cpp</Filter>
    </ClInclude>
    <ClInclude Include="..\src\dxlib_spine_cpp\spine_loader.h">
      <Filter>Header Files\dxlib_spine_cpp</Filter>
    </ClInclude>
    <ClInclude Include="..\src\dxlib_spine_cpp\spine_player.h">
      <Filter>Header Files\dxlib_spine_cpp</Filter>
    </ClInclude>
    <ClInclude Include="..\src\adv.h">
      <Filter>Header Files</Filter>
    </ClInclude>
    <ClInclude Include="..\src\dxlib_clock.h">
      <Filter>Header Files</Filter>
    </ClInclude>
    <ClInclude Include="..\src\dxlib_handle.h">
      <Filter>Header Files</Filter>
    </ClInclude>
    <ClInclude Include="..\src\dxlib_init.h">
      <Filter>Header Files</Filter>
    </ClInclude>
    <ClInclude Include="..\src\dxlib_text_writer.h">
      <Filter>Header Files</Filter>
    </ClInclude>
    <ClInclude Include="..\src\fkg.h">
      <Filter>Header Files</Filter>
    </ClInclude>
    <ClInclude Include="..\src\fkg_scene_player.h">
      <Filter>Header Files</Filter>
    </ClInclude>
    <ClInclude Include="..\src\framework.h">
      <Filter>Header Files</Filter>
    </ClInclude>
    <ClInclude Include="..\src\main_window.h">
      <Filter>Header Files</Filter>
    </ClInclude>
    <ClInclude Include="..\src\media_setting_dialogue.h">
      <Filter>Header Files</Filter>
    </ClInclude>
    <ClInclude Include="..\src\mf_media_player.h">
      <Filter>Header Files</Filter>
    </ClInclude>
    <ClInclude Include="..\src\path_utility.h">
      <Filter>Header Files</Filter>
    </ClInclude>
    <ClInclude Include="..\src\text_utility.h">
      <Filter>Header Files</Filter>
    </ClInclude>
    <ClInclude Include="..\src\win_dialogue.h">
      <Filter>Header Files</Filter>
    </ClInclude>
    <ClInclude Include="..\src\win_filesystem.h">
      <Filter>Header Files</Filter>
    </ClInclude>
    <ClInclude Include="..\src\win_text.h">
      <Filter>Header Files</Filter>
    </ClInclude>
    <ClInclude Include="..\src\win_support.h">
      <Filter>Header Files</Filter>
    </ClInclude>
  </ItemGroup>
  <ItemGroup>
    <Manifest Include="dpiAwareness.manifest">
      <Filter>Resource Files</Filter>
    </Manifest>
  </ItemGroup>
</Project>